
Microsoft Visual Studio Solution File, Format Version 12.00
# Visual Studio Version 17
VisualStudioVersion = 17.11.35222.181
MinimumVisualStudioVersion = 10.0.40219.1
Project("{FAE04EC0-301F-11D3-BF4B-00C04F79EFBC}") = "ViewMyAssetDev", "ViewMyAssetDev.csproj", "{062222DD-A50E-4035-9F65-65CD7ECA277C}"
EndProject
Global
	GlobalSection(SolutionConfigurationPlatforms) = preSolution
		Debug|Any CPU = Debug|Any CPU
		Release|Any CPU = Release|Any CPU
	EndGlobalSection
	GlobalSection(ProjectConfigurationPlatforms) = postSolution
		{062222DD-A50E-4035-9F65-65CD7ECA277C}.Debug|Any CPU.ActiveCfg = Debug|Any CPU
		{062222DD-A50E-4035-9F65-65CD7ECA277C}.Debug|Any CPU.Build.0 = Debug|Any CPU
		{062222DD-A50E-4035-9F65-65CD7ECA277C}.Release|Any CPU.ActiveCfg = Release|Any CPU
		{062222DD-A50E-4035-9F65-65CD7ECA277C}.Release|Any CPU.Build.0 = Release|Any CPU
	EndGlobalSection
	GlobalSection(SolutionProperties) = preSolution
		HideSolutionNode = FALSE
	EndGlobalSection
	GlobalSection(ExtensibilityGlobals) = postSolution
		SolutionGuid = {8513AC35-2DE7-4075-9F7B-0E0A03661A65}
	EndGlobalSection
EndGlobal
